// !$*UTF8*$!
{
	archiveVersion = 1;
	classes = {
	};
	objectVersion = 46;
	objects = {

/* Begin PBXBuildFile section */
		52209DA81BC5BFE200339037 /* AppDelegate.swift in Sources */ = {isa = PBXBuildFile; fileRef = 52209DA71BC5BFE200339037 /* AppDelegate.swift */; };
		52209DAD1BC5BFE200339037 /* MainMenu.xib in Resources */ = {isa = PBXBuildFile; fileRef = 52209DAB1BC5BFE200339037 /* MainMenu.xib */; };
		52209DB81BC5BFE200339037 /* TetherStatusBarTests.swift in Sources */ = {isa = PBXBuildFile; fileRef = 52209DB71BC5BFE200339037 /* TetherStatusBarTests.swift */; };
		52209DC31BC5BFE200339037 /* TetherStatusBarUITests.swift in Sources */ = {isa = PBXBuildFile; fileRef = 52209DC21BC5BFE200339037 /* TetherStatusBarUITests.swift */; };
		52209DD21BC5C79F00339037 /* Reachability.swift in Sources */ = {isa = PBXBuildFile; fileRef = 52209DD11BC5C79F00339037 /* Reachability.swift */; settings = {ASSET_TAGS = (); }; };
		52209DD71BC5DE9A00339037 /* Assets.xcassets in Resources */ = {isa = PBXBuildFile; fileRef = 52209DD61BC5DE9A00339037 /* Assets.xcassets */; settings = {ASSET_TAGS = (); }; };
		52209DE01BC5E62700339037 /* Alamofire.framework in Frameworks */ = {isa = PBXBuildFile; fileRef = 52209DDE1BC5E62700339037 /* Alamofire.framework */; settings = {ASSET_TAGS = (); }; };
		52209DE11BC5E62700339037 /* SwiftyJSON.framework in Frameworks */ = {isa = PBXBuildFile; fileRef = 52209DDF1BC5E62700339037 /* SwiftyJSON.framework */; settings = {ASSET_TAGS = (); }; };
		52209DE81BC5E7A100339037 /* VerizonHotspotPoller.swift in Sources */ = {isa = PBXBuildFile; fileRef = 52209DE71BC5E7A100339037 /* VerizonHotspotPoller.swift */; settings = {ASSET_TAGS = (); }; };
		52209DFB1BC8233B00339037 /* HotspotPoller.swift in Sources */ = {isa = PBXBuildFile; fileRef = 52209DFA1BC8233B00339037 /* HotspotPoller.swift */; settings = {ASSET_TAGS = (); }; };
		52209E071BC83A8C00339037 /* MenuBarView.swift in Sources */ = {isa = PBXBuildFile; fileRef = 52209E061BC83A8C00339037 /* MenuBarView.swift */; settings = {ASSET_TAGS = (); }; };
		529280961BCBDBB0004033DA /* WIFIClient.swift in Sources */ = {isa = PBXBuildFile; fileRef = 529280951BCBDBB0004033DA /* WIFIClient.swift */; settings = {ASSET_TAGS = (); }; };
		529280991BCBEAEE004033DA /* PreferencesManager.swift in Sources */ = {isa = PBXBuildFile; fileRef = 529280981BCBEAEE004033DA /* PreferencesManager.swift */; settings = {ASSET_TAGS = (); }; };
/* End PBXBuildFile section */

/* Begin PBXContainerItemProxy section */
		52209DB41BC5BFE200339037 /* PBXContainerItemProxy */ = {
			isa = PBXContainerItemProxy;
			containerPortal = 52209D9C1BC5BFE200339037 /* Project object */;
			proxyType = 1;
			remoteGlobalIDString = 52209DA31BC5BFE200339037;
			remoteInfo = TetherStatusBar;
		};
		52209DBF1BC5BFE200339037 /* PBXContainerItemProxy */ = {
			isa = PBXContainerItemProxy;
			containerPortal = 52209D9C1BC5BFE200339037 /* Project object */;
			proxyType = 1;
			remoteGlobalIDString = 52209DA31BC5BFE200339037;
			remoteInfo = TetherStatusBar;
		};
/* End PBXContainerItemProxy section */

/* Begin PBXFileReference section */
		52209DA41BC5BFE200339037 /* TetherStatusBar.app */ = {isa = PBXFileReference; explicitFileType = wrapper.application; includeInIndex = 0; path = TetherStatusBar.app; sourceTree = BUILT_PRODUCTS_DIR; };
		52209DA71BC5BFE200339037 /* AppDelegate.swift */ = {isa = PBXFileReference; lastKnownFileType = sourcecode.swift; path = AppDelegate.swift; sourceTree = "<group>"; };
		52209DAC1BC5BFE200339037 /* Base */ = {isa = PBXFileReference; lastKnownFileType = file.xib; name = Base; path = Base.lproj/MainMenu.xib; sourceTree = "<group>"; };
		52209DB31BC5BFE200339037 /* TetherStatusBarTests.xctest */ = {isa = PBXFileReference; explicitFileType = wrapper.cfbundle; includeInIndex = 0; path = TetherStatusBarTests.xctest; sourceTree = BUILT_PRODUCTS_DIR; };
		52209DB71BC5BFE200339037 /* TetherStatusBarTests.swift */ = {isa = PBXFileReference; lastKnownFileType = sourcecode.swift; path = TetherStatusBarTests.swift; sourceTree = "<group>"; };
		52209DB91BC5BFE200339037 /* Info.plist */ = {isa = PBXFileReference; lastKnownFileType = text.plist.xml; path = Info.plist; sourceTree = "<group>"; };
		52209DBE1BC5BFE200339037 /* TetherStatusBarUITests.xctest */ = {isa = PBXFileReference; explicitFileType = wrapper.cfbundle; includeInIndex = 0; path = TetherStatusBarUITests.xctest; sourceTree = BUILT_PRODUCTS_DIR; };
		52209DC21BC5BFE200339037 /* TetherStatusBarUITests.swift */ = {isa = PBXFileReference; lastKnownFileType = sourcecode.swift; path = TetherStatusBarUITests.swift; sourceTree = "<group>"; };
		52209DC41BC5BFE200339037 /* Info.plist */ = {isa = PBXFileReference; lastKnownFileType = text.plist.xml; path = Info.plist; sourceTree = "<group>"; };
		52209DD11BC5C79F00339037 /* Reachability.swift */ = {isa = PBXFileReference; fileEncoding = 4; lastKnownFileType = sourcecode.swift; path = Reachability.swift; sourceTree = "<group>"; };
		52209DD41BC5DE6000339037 /* Info.plist */ = {isa = PBXFileReference; fileEncoding = 4; lastKnownFileType = text.plist.xml; path = Info.plist; sourceTree = "<group>"; };
		52209DD61BC5DE9A00339037 /* Assets.xcassets */ = {isa = PBXFileReference; lastKnownFileType = folder.assetcatalog; path = Assets.xcassets; sourceTree = "<group>"; };
		52209DDE1BC5E62700339037 /* Alamofire.framework */ = {isa = PBXFileReference; lastKnownFileType = wrapper.framework; name = Alamofire.framework; path = Carthage/Build/Mac/Alamofire.framework; sourceTree = "<group>"; };
		52209DDF1BC5E62700339037 /* SwiftyJSON.framework */ = {isa = PBXFileReference; lastKnownFileType = wrapper.framework; name = SwiftyJSON.framework; path = Carthage/Build/Mac/SwiftyJSON.framework; sourceTree = "<group>"; };
		52209DE71BC5E7A100339037 /* VerizonHotspotPoller.swift */ = {isa = PBXFileReference; fileEncoding = 4; lastKnownFileType = sourcecode.swift; path = VerizonHotspotPoller.swift; sourceTree = "<group>"; };
		52209DFA1BC8233B00339037 /* HotspotPoller.swift */ = {isa = PBXFileReference; fileEncoding = 4; lastKnownFileType = sourcecode.swift; path = HotspotPoller.swift; sourceTree = "<group>"; };
		52209E061BC83A8C00339037 /* MenuBarView.swift */ = {isa = PBXFileReference; fileEncoding = 4; lastKnownFileType = sourcecode.swift; path = MenuBarView.swift; sourceTree = "<group>"; };
		529280951BCBDBB0004033DA /* WIFIClient.swift */ = {isa = PBXFileReference; fileEncoding = 4; lastKnownFileType = sourcecode.swift; path = WIFIClient.swift; sourceTree = "<group>"; };
		529280981BCBEAEE004033DA /* PreferencesManager.swift */ = {isa = PBXFileReference; fileEncoding = 4; lastKnownFileType = sourcecode.swift; path = PreferencesManager.swift; sourceTree = "<group>"; };
/* End PBXFileReference section */

/* Begin PBXFrameworksBuildPhase section */
		52209DA11BC5BFE200339037 /* Frameworks */ = {
			isa = PBXFrameworksBuildPhase;
			buildActionMask = 2147483647;
			files = (
				52209DE11BC5E62700339037 /* SwiftyJSON.framework in Frameworks */,
				52209DE01BC5E62700339037 /* Alamofire.framework in Frameworks */,
			);
			runOnlyForDeploymentPostprocessing = 0;
		};
		52209DB01BC5BFE200339037 /* Frameworks */ = {
			isa = PBXFrameworksBuildPhase;
			buildActionMask = 2147483647;
			files = (
			);
			runOnlyForDeploymentPostprocessing = 0;
		};
		52209DBB1BC5BFE200339037 /* Frameworks */ = {
			isa = PBXFrameworksBuildPhase;
			buildActionMask = 2147483647;
			files = (
			);
			runOnlyForDeploymentPostprocessing = 0;
		};
/* End PBXFrameworksBuildPhase section */

/* Begin PBXGroup section */
		52209D9B1BC5BFE200339037 = {
			isa = PBXGroup;
			children = (
				52209DA61BC5BFE200339037 /* TetherStatusBar */,
				52209DB61BC5BFE200339037 /* TetherStatusBarTests */,
				52209DC11BC5BFE200339037 /* TetherStatusBarUITests */,
				52209DA51BC5BFE200339037 /* Products */,
			);
			sourceTree = "<group>";
		};
		52209DA51BC5BFE200339037 /* Products */ = {
			isa = PBXGroup;
			children = (
				52209DA41BC5BFE200339037 /* TetherStatusBar.app */,
				52209DB31BC5BFE200339037 /* TetherStatusBarTests.xctest */,
				52209DBE1BC5BFE200339037 /* TetherStatusBarUITests.xctest */,
			);
			name = Products;
			sourceTree = "<group>";
		};
		52209DA61BC5BFE200339037 /* TetherStatusBar */ = {
			isa = PBXGroup;
			children = (
				52209DAB1BC5BFE200339037 /* MainMenu.xib */,
				52209DA71BC5BFE200339037 /* AppDelegate.swift */,
				52209DE51BC5E7A100339037 /* Pollers */,
				52209DD01BC5C4DA00339037 /* Network */,
				52209E011BC83A4100339037 /* Views */,
				529280971BCBEADE004033DA /* Preferences */,
				52209DD31BC5DE3D00339037 /* Resources */,
				52209DDD1BC5E60D00339037 /* Frameworks */,
			);
			path = TetherStatusBar;
			sourceTree = "<group>";
		};
		52209DB61BC5BFE200339037 /* TetherStatusBarTests */ = {
			isa = PBXGroup;
			children = (
				52209DB71BC5BFE200339037 /* TetherStatusBarTests.swift */,
				52209DB91BC5BFE200339037 /* Info.plist */,
			);
			path = TetherStatusBarTests;
			sourceTree = "<group>";
		};
		52209DC11BC5BFE200339037 /* TetherStatusBarUITests */ = {
			isa = PBXGroup;
			children = (
				52209DC21BC5BFE200339037 /* TetherStatusBarUITests.swift */,
				52209DC41BC5BFE200339037 /* Info.plist */,
			);
			path = TetherStatusBarUITests;
			sourceTree = "<group>";
		};
		52209DD01BC5C4DA00339037 /* Network */ = {
			isa = PBXGroup;
			children = (
				52209DD11BC5C79F00339037 /* Reachability.swift */,
				529280951BCBDBB0004033DA /* WIFIClient.swift */,
			);
			path = Network;
			sourceTree = "<group>";
		};
		52209DD31BC5DE3D00339037 /* Resources */ = {
			isa = PBXGroup;
			children = (
				52209DD61BC5DE9A00339037 /* Assets.xcassets */,
				52209DD41BC5DE6000339037 /* Info.plist */,
			);
			path = Resources;
			sourceTree = "<group>";
		};
		52209DDD1BC5E60D00339037 /* Frameworks */ = {
			isa = PBXGroup;
			children = (
				52209DDE1BC5E62700339037 /* Alamofire.framework */,
				52209DDF1BC5E62700339037 /* SwiftyJSON.framework */,
			);
			name = Frameworks;
			path = ..;
			sourceTree = "<group>";
		};
		52209DE51BC5E7A100339037 /* Pollers */ = {
			isa = PBXGroup;
			children = (
				52209DFA1BC8233B00339037 /* HotspotPoller.swift */,
				52209DE61BC5E7A100339037 /* Verizon */,
			);
			path = Pollers;
			sourceTree = "<group>";
		};
		52209DE61BC5E7A100339037 /* Verizon */ = {
			isa = PBXGroup;
			children = (
				52209DE71BC5E7A100339037 /* VerizonHotspotPoller.swift */,
			);
			path = Verizon;
			sourceTree = "<group>";
		};
		52209E011BC83A4100339037 /* Views */ = {
			isa = PBXGroup;
			children = (
				52209E061BC83A8C00339037 /* MenuBarView.swift */,
			);
			path = Views;
			sourceTree = "<group>";
		};
		529280971BCBEADE004033DA /* Preferences */ = {
			isa = PBXGroup;
			children = (
				529280981BCBEAEE004033DA /* PreferencesManager.swift */,
			);
			path = Preferences;
			sourceTree = "<group>";
		};
/* End PBXGroup section */

/* Begin PBXNativeTarget section */
		52209DA31BC5BFE200339037 /* TetherStatusBar */ = {
			isa = PBXNativeTarget;
			buildConfigurationList = 52209DC71BC5BFE200339037 /* Build configuration list for PBXNativeTarget "TetherStatusBar" */;
			buildPhases = (
				52209DA01BC5BFE200339037 /* Sources */,
				52209DA11BC5BFE200339037 /* Frameworks */,
				52209DA21BC5BFE200339037 /* Resources */,
				52209DE21BC5E64C00339037 /* Copy Carthage Frameworks */,
			);
			buildRules = (
			);
			dependencies = (
			);
			name = TetherStatusBar;
			productName = TetherStatusBar;
			productReference = 52209DA41BC5BFE200339037 /* TetherStatusBar.app */;
			productType = "com.apple.product-type.application";
		};
		52209DB21BC5BFE200339037 /* TetherStatusBarTests */ = {
			isa = PBXNativeTarget;
			buildConfigurationList = 52209DCA1BC5BFE200339037 /* Build configuration list for PBXNativeTarget "TetherStatusBarTests" */;
			buildPhases = (
				52209DAF1BC5BFE200339037 /* Sources */,
				52209DB01BC5BFE200339037 /* Frameworks */,
				52209DB11BC5BFE200339037 /* Resources */,
			);
			buildRules = (
			);
			dependencies = (
				52209DB51BC5BFE200339037 /* PBXTargetDependency */,
			);
			name = TetherStatusBarTests;
			productName = TetherStatusBarTests;
			productReference = 52209DB31BC5BFE200339037 /* TetherStatusBarTests.xctest */;
			productType = "com.apple.product-type.bundle.unit-test";
		};
		52209DBD1BC5BFE200339037 /* TetherStatusBarUITests */ = {
			isa = PBXNativeTarget;
			buildConfigurationList = 52209DCD1BC5BFE200339037 /* Build configuration list for PBXNativeTarget "TetherStatusBarUITests" */;
			buildPhases = (
				52209DBA1BC5BFE200339037 /* Sources */,
				52209DBB1BC5BFE200339037 /* Frameworks */,
				52209DBC1BC5BFE200339037 /* Resources */,
			);
			buildRules = (
			);
			dependencies = (
				52209DC01BC5BFE200339037 /* PBXTargetDependency */,
			);
			name = TetherStatusBarUITests;
			productName = TetherStatusBarUITests;
			productReference = 52209DBE1BC5BFE200339037 /* TetherStatusBarUITests.xctest */;
			productType = "com.apple.product-type.bundle.ui-testing";
		};
/* End PBXNativeTarget section */

/* Begin PBXProject section */
		52209D9C1BC5BFE200339037 /* Project object */ = {
			isa = PBXProject;
			attributes = {
				LastUpgradeCheck = 0700;
				ORGANIZATIONNAME = Petoria;
				TargetAttributes = {
					52209DA31BC5BFE200339037 = {
						CreatedOnToolsVersion = 7.0.1;
					};
					52209DB21BC5BFE200339037 = {
						CreatedOnToolsVersion = 7.0.1;
						TestTargetID = 52209DA31BC5BFE200339037;
					};
					52209DBD1BC5BFE200339037 = {
						CreatedOnToolsVersion = 7.0.1;
						TestTargetID = 52209DA31BC5BFE200339037;
					};
				};
			};
			buildConfigurationList = 52209D9F1BC5BFE200339037 /* Build configuration list for PBXProject "TetherStatusBar" */;
			compatibilityVersion = "Xcode 3.2";
			developmentRegion = English;
			hasScannedForEncodings = 0;
			knownRegions = (
				en,
				Base,
			);
			mainGroup = 52209D9B1BC5BFE200339037;
			productRefGroup = 52209DA51BC5BFE200339037 /* Products */;
			projectDirPath = "";
			projectRoot = "";
			targets = (
				52209DA31BC5BFE200339037 /* TetherStatusBar */,
				52209DB21BC5BFE200339037 /* TetherStatusBarTests */,
				52209DBD1BC5BFE200339037 /* TetherStatusBarUITests */,
			);
		};
/* End PBXProject section */

/* Begin PBXResourcesBuildPhase section */
		52209DA21BC5BFE200339037 /* Resources */ = {
			isa = PBXResourcesBuildPhase;
			buildActionMask = 2147483647;
			files = (
				52209DAD1BC5BFE200339037 /* MainMenu.xib in Resources */,
				52209DD71BC5DE9A00339037 /* Assets.xcassets in Resources */,
			);
			runOnlyForDeploymentPostprocessing = 0;
		};
		52209DB11BC5BFE200339037 /* Resources */ = {
			isa = PBXResourcesBuildPhase;
			buildActionMask = 2147483647;
			files = (
			);
			runOnlyForDeploymentPostprocessing = 0;
		};
		52209DBC1BC5BFE200339037 /* Resources */ = {
			isa = PBXResourcesBuildPhase;
			buildActionMask = 2147483647;
			files = (
			);
			runOnlyForDeploymentPostprocessing = 0;
		};
/* End PBXResourcesBuildPhase section */

/* Begin PBXShellScriptBuildPhase section */
		52209DE21BC5E64C00339037 /* Copy Carthage Frameworks */ = {
			isa = PBXShellScriptBuildPhase;
			buildActionMask = 2147483647;
			files = (
			);
			inputPaths = (
				"$(SRCROOT)/Carthage/Build/Mac/Alamofire.framework",
				"$(SRCROOT)/Carthage/Build/Mac/SwiftyJSON.framework",
			);
			name = "Copy Carthage Frameworks";
			outputPaths = (
			);
			runOnlyForDeploymentPostprocessing = 0;
			shellPath = /bin/sh;
			shellScript = "/usr/local/bin/carthage copy-frameworks\n";
			showEnvVarsInLog = 0;
		};
/* End PBXShellScriptBuildPhase section */

/* Begin PBXSourcesBuildPhase section */
		52209DA01BC5BFE200339037 /* Sources */ = {
			isa = PBXSourcesBuildPhase;
			buildActionMask = 2147483647;
			files = (
				529280991BCBEAEE004033DA /* PreferencesManager.swift in Sources */,
				52209DE81BC5E7A100339037 /* VerizonHotspotPoller.swift in Sources */,
				52209E071BC83A8C00339037 /* MenuBarView.swift in Sources */,
				529280961BCBDBB0004033DA /* WIFIClient.swift in Sources */,
				52209DD21BC5C79F00339037 /* Reachability.swift in Sources */,
				52209DFB1BC8233B00339037 /* HotspotPoller.swift in Sources */,
				52209DA81BC5BFE200339037 /* AppDelegate.swift in Sources */,
			);
			runOnlyForDeploymentPostprocessing = 0;
		};
		52209DAF1BC5BFE200339037 /* Sources */ = {
			isa = PBXSourcesBuildPhase;
			buildActionMask = 2147483647;
			files = (
				52209DB81BC5BFE200339037 /* TetherStatusBarTests.swift in Sources */,
			);
			runOnlyForDeploymentPostprocessing = 0;
		};
		52209DBA1BC5BFE200339037 /* Sources */ = {
			isa = PBXSourcesBuildPhase;
			buildActionMask = 2147483647;
			files = (
				52209DC31BC5BFE200339037 /* TetherStatusBarUITests.swift in Sources */,
			);
			runOnlyForDeploymentPostprocessing = 0;
		};
/* End PBXSourcesBuildPhase section */

/* Begin PBXTargetDependency section */
		52209DB51BC5BFE200339037 /* PBXTargetDependency */ = {
			isa = PBXTargetDependency;
			target = 52209DA31BC5BFE200339037 /* TetherStatusBar */;
			targetProxy = 52209DB41BC5BFE200339037 /* PBXContainerItemProxy */;
		};
		52209DC01BC5BFE200339037 /* PBXTargetDependency */ = {
			isa = PBXTargetDependency;
			target = 52209DA31BC5BFE200339037 /* TetherStatusBar */;
			targetProxy = 52209DBF1BC5BFE200339037 /* PBXContainerItemProxy */;
		};
/* End PBXTargetDependency section */

/* Begin PBXVariantGroup section */
		52209DAB1BC5BFE200339037 /* MainMenu.xib */ = {
			isa = PBXVariantGroup;
			children = (
				52209DAC1BC5BFE200339037 /* Base */,
			);
			name = MainMenu.xib;
			sourceTree = "<group>";
		};
/* End PBXVariantGroup section */

/* Begin XCBuildConfiguration section */
		52209DC51BC5BFE200339037 /* Debug */ = {
			isa = XCBuildConfiguration;
			buildSettings = {
				ALWAYS_SEARCH_USER_PATHS = NO;
				CLANG_CXX_LANGUAGE_STANDARD = "gnu++0x";
				CLANG_CXX_LIBRARY = "libc++";
				CLANG_ENABLE_MODULES = YES;
				CLANG_ENABLE_OBJC_ARC = YES;
				CLANG_WARN_BOOL_CONVERSION = YES;
				CLANG_WARN_CONSTANT_CONVERSION = YES;
				CLANG_WARN_DIRECT_OBJC_ISA_USAGE = YES_ERROR;
				CLANG_WARN_EMPTY_BODY = YES;
				CLANG_WARN_ENUM_CONVERSION = YES;
				CLANG_WARN_INT_CONVERSION = YES;
				CLANG_WARN_OBJC_ROOT_CLASS = YES_ERROR;
				CLANG_WARN_UNREACHABLE_CODE = YES;
				CLANG_WARN__DUPLICATE_METHOD_MATCH = YES;
				CODE_SIGN_IDENTITY = "-";
				COPY_PHASE_STRIP = NO;
				DEBUG_INFORMATION_FORMAT = dwarf;
				ENABLE_STRICT_OBJC_MSGSEND = YES;
				ENABLE_TESTABILITY = YES;
				GCC_C_LANGUAGE_STANDARD = gnu99;
				GCC_DYNAMIC_NO_PIC = NO;
				GCC_NO_COMMON_BLOCKS = YES;
				GCC_OPTIMIZATION_LEVEL = 0;
				GCC_PREPROCESSOR_DEFINITIONS = (
					"DEBUG=1",
					"$(inherited)",
				);
				GCC_WARN_64_TO_32_BIT_CONVERSION = YES;
				GCC_WARN_ABOUT_RETURN_TYPE = YES_ERROR;
				GCC_WARN_UNDECLARED_SELECTOR = YES;
				GCC_WARN_UNINITIALIZED_AUTOS = YES_AGGRESSIVE;
				GCC_WARN_UNUSED_FUNCTION = YES;
				GCC_WARN_UNUSED_VARIABLE = YES;
				MACOSX_DEPLOYMENT_TARGET = 10.10;
				MTL_ENABLE_DEBUG_INFO = YES;
				ONLY_ACTIVE_ARCH = YES;
				SDKROOT = macosx;
				SWIFT_OPTIMIZATION_LEVEL = "-Onone";
			};
			name = Debug;
		};
		52209DC61BC5BFE200339037 /* Release */ = {
			isa = XCBuildConfiguration;
			buildSettings = {
				ALWAYS_SEARCH_USER_PATHS = NO;
				CLANG_CXX_LANGUAGE_STANDARD = "gnu++0x";
				CLANG_CXX_LIBRARY = "libc++";
				CLANG_ENABLE_MODULES = YES;
				CLANG_ENABLE_OBJC_ARC = YES;
				CLANG_WARN_BOOL_CONVERSION = YES;
				CLANG_WARN_CONSTANT_CONVERSION = YES;
				CLANG_WARN_DIRECT_OBJC_ISA_USAGE = YES_ERROR;
				CLANG_WARN_EMPTY_BODY = YES;
				CLANG_WARN_ENUM_CONVERSION = YES;
				CLANG_WARN_INT_CONVERSION = YES;
				CLANG_WARN_OBJC_ROOT_CLASS = YES_ERROR;
				CLANG_WARN_UNREACHABLE_CODE = YES;
				CLANG_WARN__DUPLICATE_METHOD_MATCH = YES;
				CODE_SIGN_IDENTITY = "-";
				COPY_PHASE_STRIP = NO;
				DEBUG_INFORMATION_FORMAT = "dwarf-with-dsym";
				ENABLE_NS_ASSERTIONS = NO;
				ENABLE_STRICT_OBJC_MSGSEND = YES;
				GCC_C_LANGUAGE_STANDARD = gnu99;
				GCC_NO_COMMON_BLOCKS = YES;
				GCC_WARN_64_TO_32_BIT_CONVERSION = YES;
				GCC_WARN_ABOUT_RETURN_TYPE = YES_ERROR;
				GCC_WARN_UNDECLARED_SELECTOR = YES;
				GCC_WARN_UNINITIALIZED_AUTOS = YES_AGGRESSIVE;
				GCC_WARN_UNUSED_FUNCTION = YES;
				GCC_WARN_UNUSED_VARIABLE = YES;
				MACOSX_DEPLOYMENT_TARGET = 10.10;
				MTL_ENABLE_DEBUG_INFO = NO;
				SDKROOT = macosx;
			};
			name = Release;
		};
		52209DC81BC5BFE200339037 /* Debug */ = {
			isa = XCBuildConfiguration;
			buildSettings = {
				ASSETCATALOG_COMPILER_APPICON_NAME = AppIcon;
				COMBINE_HIDPI_IMAGES = YES;
				FRAMEWORK_SEARCH_PATHS = (
					"$(inherited)",
					"$(PROJECT_DIR)/Carthage/Build/Mac",
				);
				INFOPLIST_FILE = TetherStatusBar/Resources/Info.plist;
				LD_RUNPATH_SEARCH_PATHS = "$(inherited) @executable_path/../Frameworks";
				PRODUCT_BUNDLE_IDENTIFIER = net.petoria.TetherStatusBar;
				PRODUCT_NAME = "$(TARGET_NAME)";
			};
			name = Debug;
		};
		52209DC91BC5BFE200339037 /* Release */ = {
			isa = XCBuildConfiguration;
			buildSettings = {
				ASSETCATALOG_COMPILER_APPICON_NAME = AppIcon;
				COMBINE_HIDPI_IMAGES = YES;
				FRAMEWORK_SEARCH_PATHS = (
					"$(inherited)",
					"$(PROJECT_DIR)/Carthage/Build/Mac",
				);
				INFOPLIST_FILE = TetherStatusBar/Resources/Info.plist;
				LD_RUNPATH_SEARCH_PATHS = "$(inherited) @executable_path/../Frameworks";
				PRODUCT_BUNDLE_IDENTIFIER = net.petoria.TetherStatusBar;
				PRODUCT_NAME = "$(TARGET_NAME)";
			};
			name = Release;
		};
		52209DCB1BC5BFE200339037 /* Debug */ = {
			isa = XCBuildConfiguration;
			buildSettings = {
				BUNDLE_LOADER = "$(TEST_HOST)";
				COMBINE_HIDPI_IMAGES = YES;
				INFOPLIST_FILE = TetherStatusBarTests/Info.plist;
				LD_RUNPATH_SEARCH_PATHS = "$(inherited) @executable_path/../Frameworks @loader_path/../Frameworks";
				PRODUCT_BUNDLE_IDENTIFIER = net.petoria.TetherStatusBarTests;
				PRODUCT_NAME = "$(TARGET_NAME)";
				TEST_HOST = "$(BUILT_PRODUCTS_DIR)/TetherStatusBar.app/Contents/MacOS/TetherStatusBar";
			};
			name = Debug;
		};
		52209DCC1BC5BFE200339037 /* Release */ = {
			isa = XCBuildConfiguration;
			buildSettings = {
				BUNDLE_LOADER = "$(TEST_HOST)";
				COMBINE_HIDPI_IMAGES = YES;
				INFOPLIST_FILE = TetherStatusBarTests/Info.plist;
				LD_RUNPATH_SEARCH_PATHS = "$(inherited) @executable_path/../Frameworks @loader_path/../Frameworks";
				PRODUCT_BUNDLE_IDENTIFIER = net.petoria.TetherStatusBarTests;
				PRODUCT_NAME = "$(TARGET_NAME)";
				TEST_HOST = "$(BUILT_PRODUCTS_DIR)/TetherStatusBar.app/Contents/MacOS/TetherStatusBar";
			};
			name = Release;
		};
		52209DCE1BC5BFE200339037 /* Debug */ = {
			isa = XCBuildConfiguration;
			buildSettings = {
				COMBINE_HIDPI_IMAGES = YES;
				INFOPLIST_FILE = TetherStatusBarUITests/Info.plist;
				LD_RUNPATH_SEARCH_PATHS = "$(inherited) @executable_path/../Frameworks @loader_path/../Frameworks";
				PRODUCT_BUNDLE_IDENTIFIER = net.petoria.TetherStatusBarUITests;
				PRODUCT_NAME = "$(TARGET_NAME)";
				TEST_TARGET_NAME = TetherStatusBar;
				USES_XCTRUNNER = YES;
			};
			name = Debug;
		};
		52209DCF1BC5BFE200339037 /* Release */ = {
			isa = XCBuildConfiguration;
			buildSettings = {
				COMBINE_HIDPI_IMAGES = YES;
				INFOPLIST_FILE = TetherStatusBarUITests/Info.plist;
				LD_RUNPATH_SEARCH_PATHS = "$(inherited) @executable_path/../Frameworks @loader_path/../Frameworks";
				PRODUCT_BUNDLE_IDENTIFIER = net.petoria.TetherStatusBarUITests;
				PRODUCT_NAME = "$(TARGET_NAME)";
				TEST_TARGET_NAME = TetherStatusBar;
				USES_XCTRUNNER = YES;
			};
			name = Release;
		};
/* End XCBuildConfiguration section */

/* Begin XCConfigurationList section */
		52209D9F1BC5BFE200339037 /* Build configuration list for PBXProject "TetherStatusBar" */ = {
			isa = XCConfigurationList;
			buildConfigurations = (
				52209DC51BC5BFE200339037 /* Debug */,
				52209DC61BC5BFE200339037 /* Release */,
			);
			defaultConfigurationIsVisible = 0;
			defaultConfigurationName = Release;
		};
		52209DC71BC5BFE200339037 /* Build configuration list for PBXNativeTarget "TetherStatusBar" */ = {
			isa = XCConfigurationList;
			buildConfigurations = (
				52209DC81BC5BFE200339037 /* Debug */,
				52209DC91BC5BFE200339037 /* Release */,
			);
			defaultConfigurationIsVisible = 0;
			defaultConfigurationName = Release;
		};
		52209DCA1BC5BFE200339037 /* Build configuration list for PBXNativeTarget "TetherStatusBarTests" */ = {
			isa = XCConfigurationList;
			buildConfigurations = (
				52209DCB1BC5BFE200339037 /* Debug */,
				52209DCC1BC5BFE200339037 /* Release */,
			);
			defaultConfigurationIsVisible = 0;
			defaultConfigurationName = Release;
		};
		52209DCD1BC5BFE200339037 /* Build configuration list for PBXNativeTarget "TetherStatusBarUITests" */ = {
			isa = XCConfigurationList;
			buildConfigurations = (
				52209DCE1BC5BFE200339037 /* Debug */,
				52209DCF1BC5BFE200339037 /* Release */,
			);
			defaultConfigurationIsVisible = 0;
			defaultConfigurationName = Release;
		};
/* End XCConfigurationList section */
	};
	rootObject = 52209D9C1BC5BFE200339037 /* Project object */;
}
