// !$*UTF8*$!
{
	archiveVersion = 1;
	classes = {
	};
	objectVersion = 46;
	objects = {

/* Begin PBXBuildFile section */
		5208E7911BCDB6DF00D8C4BD /* PreferencesManagerTests.swift in Sources */ = {isa = PBXBuildFile; fileRef = 5208E7901BCDB6DF00D8C4BD /* PreferencesManagerTests.swift */; settings = {ASSET_TAGS = (); }; };
		5247C7901BCFF8D9003C3363 /* Alamofire.framework in Frameworks */ = {isa = PBXBuildFile; fileRef = 5247C78F1BCFF8D9003C3363 /* Alamofire.framework */; };
		5247C7931BCFF8FB003C3363 /* SwiftyJSON.framework in Frameworks */ = {isa = PBXBuildFile; fileRef = 5247C7921BCFF8FB003C3363 /* SwiftyJSON.framework */; };
		5247C7941BD0024C003C3363 /* SwiftyJSON.framework in Frameworks */ = {isa = PBXBuildFile; fileRef = 5247C7921BCFF8FB003C3363 /* SwiftyJSON.framework */; };
		5247C7951BD0024C003C3363 /* Alamofire.framework in Frameworks */ = {isa = PBXBuildFile; fileRef = 5247C78F1BCFF8D9003C3363 /* Alamofire.framework */; };
		5247C7981BD02113003C3363 /* Alamofire.framework in CopyFiles */ = {isa = PBXBuildFile; fileRef = 5247C78F1BCFF8D9003C3363 /* Alamofire.framework */; settings = {ATTRIBUTES = (CodeSignOnCopy, RemoveHeadersOnCopy, ); }; };
		5247C7991BD02116003C3363 /* SwiftyJSON.framework in CopyFiles */ = {isa = PBXBuildFile; fileRef = 5247C7921BCFF8FB003C3363 /* SwiftyJSON.framework */; settings = {ATTRIBUTES = (CodeSignOnCopy, RemoveHeadersOnCopy, ); }; };
		525127BD1BCF1BF2009650D2 /* HotspotPollerTests.swift in Sources */ = {isa = PBXBuildFile; fileRef = 525127BC1BCF1BF2009650D2 /* HotspotPollerTests.swift */; settings = {ASSET_TAGS = (); }; };
		525127C11BCF216F009650D2 /* VerizonHotspotPollerTests.swift in Sources */ = {isa = PBXBuildFile; fileRef = 525127C01BCF216F009650D2 /* VerizonHotspotPollerTests.swift */; settings = {ASSET_TAGS = (); }; };
		525127C41BCFE83C009650D2 /* StubAlamofireManager.swift in Sources */ = {isa = PBXBuildFile; fileRef = 525127C31BCFE83C009650D2 /* StubAlamofireManager.swift */; settings = {ASSET_TAGS = (); }; };
		52A457431BCC5ACA00A418F0 /* AppDelegate.swift in Sources */ = {isa = PBXBuildFile; fileRef = 52A4572F1BCC5ACA00A418F0 /* AppDelegate.swift */; settings = {ASSET_TAGS = (); }; };
		52A457441BCC5ACA00A418F0 /* MainMenu.xib in Resources */ = {isa = PBXBuildFile; fileRef = 52A457301BCC5ACA00A418F0 /* MainMenu.xib */; settings = {ASSET_TAGS = (); }; };
		52A457451BCC5ACA00A418F0 /* Reachability.swift in Sources */ = {isa = PBXBuildFile; fileRef = 52A457351BCC5ACA00A418F0 /* Reachability.swift */; settings = {ASSET_TAGS = (); }; };
		52A457461BCC5ACA00A418F0 /* WIFIClient.swift in Sources */ = {isa = PBXBuildFile; fileRef = 52A457361BCC5ACA00A418F0 /* WIFIClient.swift */; settings = {ASSET_TAGS = (); }; };
		52A457471BCC5ACA00A418F0 /* HotspotPoller.swift in Sources */ = {isa = PBXBuildFile; fileRef = 52A457381BCC5ACA00A418F0 /* HotspotPoller.swift */; settings = {ASSET_TAGS = (); }; };
		52A457481BCC5ACA00A418F0 /* VerizonHotspotPoller.swift in Sources */ = {isa = PBXBuildFile; fileRef = 52A4573A1BCC5ACA00A418F0 /* VerizonHotspotPoller.swift */; settings = {ASSET_TAGS = (); }; };
		52A457491BCC5ACA00A418F0 /* PreferencesManager.swift in Sources */ = {isa = PBXBuildFile; fileRef = 52A4573C1BCC5ACA00A418F0 /* PreferencesManager.swift */; settings = {ASSET_TAGS = (); }; };
		52A4574A1BCC5ACA00A418F0 /* Assets.xcassets in Resources */ = {isa = PBXBuildFile; fileRef = 52A4573E1BCC5ACA00A418F0 /* Assets.xcassets */; settings = {ASSET_TAGS = (); }; };
		52A4574B1BCC5ACA00A418F0 /* indicators.json in Resources */ = {isa = PBXBuildFile; fileRef = 52A4573F1BCC5ACA00A418F0 /* indicators.json */; settings = {ASSET_TAGS = (); }; };
		52A4574D1BCC5ACA00A418F0 /* MenuBarView.swift in Sources */ = {isa = PBXBuildFile; fileRef = 52A457421BCC5ACA00A418F0 /* MenuBarView.swift */; settings = {ASSET_TAGS = (); }; };
		52A45A9C1BCC5BCD00A418F0 /* HotspotStatusBarUITests.swift in Sources */ = {isa = PBXBuildFile; fileRef = 52A45A981BCC5B1200A418F0 /* HotspotStatusBarUITests.swift */; settings = {ASSET_TAGS = (); }; };
		52A45AA01BCC5DEA00A418F0 /* WIFIClientTests.swift in Sources */ = {isa = PBXBuildFile; fileRef = 52A45A9F1BCC5DEA00A418F0 /* WIFIClientTests.swift */; settings = {ASSET_TAGS = (); }; };
/* End PBXBuildFile section */

/* Begin PBXContainerItemProxy section */
		52209DB41BC5BFE200339037 /* PBXContainerItemProxy */ = {
			isa = PBXContainerItemProxy;
			containerPortal = 52209D9C1BC5BFE200339037 /* Project object */;
			proxyType = 1;
			remoteGlobalIDString = 52209DA31BC5BFE200339037;
			remoteInfo = TetherStatusBar;
		};
		52209DBF1BC5BFE200339037 /* PBXContainerItemProxy */ = {
			isa = PBXContainerItemProxy;
			containerPortal = 52209D9C1BC5BFE200339037 /* Project object */;
			proxyType = 1;
			remoteGlobalIDString = 52209DA31BC5BFE200339037;
			remoteInfo = TetherStatusBar;
		};
/* End PBXContainerItemProxy section */

/* Begin PBXCopyFilesBuildPhase section */
		5247C7971BD02108003C3363 /* CopyFiles */ = {
			isa = PBXCopyFilesBuildPhase;
			buildActionMask = 2147483647;
			dstPath = "";
			dstSubfolderSpec = 10;
			files = (
				5247C7981BD02113003C3363 /* Alamofire.framework in CopyFiles */,
				5247C7991BD02116003C3363 /* SwiftyJSON.framework in CopyFiles */,
			);
			runOnlyForDeploymentPostprocessing = 0;
		};
/* End PBXCopyFilesBuildPhase section */

/* Begin PBXFileReference section */
		5208E7901BCDB6DF00D8C4BD /* PreferencesManagerTests.swift */ = {isa = PBXFileReference; fileEncoding = 4; lastKnownFileType = sourcecode.swift; path = PreferencesManagerTests.swift; sourceTree = "<group>"; };
		52209DA41BC5BFE200339037 /* HotspotStatusBar.app */ = {isa = PBXFileReference; explicitFileType = wrapper.application; includeInIndex = 0; path = HotspotStatusBar.app; sourceTree = BUILT_PRODUCTS_DIR; };
		52209DB31BC5BFE200339037 /* HotspotStatusBarTests.xctest */ = {isa = PBXFileReference; explicitFileType = wrapper.cfbundle; includeInIndex = 0; path = HotspotStatusBarTests.xctest; sourceTree = BUILT_PRODUCTS_DIR; };
		52209DBE1BC5BFE200339037 /* HotspotStatusBarUITests.xctest */ = {isa = PBXFileReference; explicitFileType = wrapper.cfbundle; includeInIndex = 0; path = HotspotStatusBarUITests.xctest; sourceTree = BUILT_PRODUCTS_DIR; };
		5247C78F1BCFF8D9003C3363 /* Alamofire.framework */ = {isa = PBXFileReference; lastKnownFileType = wrapper.framework; name = Alamofire.framework; path = Carthage/Build/Mac/Alamofire.framework; sourceTree = "<group>"; };
		5247C7921BCFF8FB003C3363 /* SwiftyJSON.framework */ = {isa = PBXFileReference; lastKnownFileType = wrapper.framework; name = SwiftyJSON.framework; path = Carthage/Build/Mac/SwiftyJSON.framework; sourceTree = "<group>"; };
		525127BC1BCF1BF2009650D2 /* HotspotPollerTests.swift */ = {isa = PBXFileReference; fileEncoding = 4; lastKnownFileType = sourcecode.swift; path = HotspotPollerTests.swift; sourceTree = "<group>"; };
		525127C01BCF216F009650D2 /* VerizonHotspotPollerTests.swift */ = {isa = PBXFileReference; fileEncoding = 4; lastKnownFileType = sourcecode.swift; path = VerizonHotspotPollerTests.swift; sourceTree = "<group>"; };
		525127C31BCFE83C009650D2 /* StubAlamofireManager.swift */ = {isa = PBXFileReference; fileEncoding = 4; lastKnownFileType = sourcecode.swift; path = StubAlamofireManager.swift; sourceTree = "<group>"; };
		52A4572F1BCC5ACA00A418F0 /* AppDelegate.swift */ = {isa = PBXFileReference; fileEncoding = 4; lastKnownFileType = sourcecode.swift; path = AppDelegate.swift; sourceTree = "<group>"; };
		52A457311BCC5ACA00A418F0 /* Base */ = {isa = PBXFileReference; lastKnownFileType = file.xib; name = Base; path = Base.lproj/MainMenu.xib; sourceTree = "<group>"; };
		52A457351BCC5ACA00A418F0 /* Reachability.swift */ = {isa = PBXFileReference; fileEncoding = 4; lastKnownFileType = sourcecode.swift; path = Reachability.swift; sourceTree = "<group>"; };
		52A457361BCC5ACA00A418F0 /* WIFIClient.swift */ = {isa = PBXFileReference; fileEncoding = 4; lastKnownFileType = sourcecode.swift; path = WIFIClient.swift; sourceTree = "<group>"; };
		52A457381BCC5ACA00A418F0 /* HotspotPoller.swift */ = {isa = PBXFileReference; fileEncoding = 4; lastKnownFileType = sourcecode.swift; path = HotspotPoller.swift; sourceTree = "<group>"; };
		52A4573A1BCC5ACA00A418F0 /* VerizonHotspotPoller.swift */ = {isa = PBXFileReference; fileEncoding = 4; lastKnownFileType = sourcecode.swift; path = VerizonHotspotPoller.swift; sourceTree = "<group>"; };
		52A4573C1BCC5ACA00A418F0 /* PreferencesManager.swift */ = {isa = PBXFileReference; fileEncoding = 4; lastKnownFileType = sourcecode.swift; path = PreferencesManager.swift; sourceTree = "<group>"; };
		52A4573E1BCC5ACA00A418F0 /* Assets.xcassets */ = {isa = PBXFileReference; lastKnownFileType = folder.assetcatalog; path = Assets.xcassets; sourceTree = "<group>"; };
		52A4573F1BCC5ACA00A418F0 /* indicators.json */ = {isa = PBXFileReference; fileEncoding = 4; lastKnownFileType = text.json; path = indicators.json; sourceTree = "<group>"; };
		52A457401BCC5ACA00A418F0 /* Info.plist */ = {isa = PBXFileReference; fileEncoding = 4; lastKnownFileType = text.plist.xml; path = Info.plist; sourceTree = "<group>"; };
		52A457421BCC5ACA00A418F0 /* MenuBarView.swift */ = {isa = PBXFileReference; fileEncoding = 4; lastKnownFileType = sourcecode.swift; path = MenuBarView.swift; sourceTree = "<group>"; };
		52A4574F1BCC5AEA00A418F0 /* Info.plist */ = {isa = PBXFileReference; fileEncoding = 4; lastKnownFileType = text.plist.xml; path = Info.plist; sourceTree = "<group>"; };
		52A45A971BCC5B1200A418F0 /* Info.plist */ = {isa = PBXFileReference; fileEncoding = 4; lastKnownFileType = text.plist.xml; path = Info.plist; sourceTree = "<group>"; };
		52A45A981BCC5B1200A418F0 /* HotspotStatusBarUITests.swift */ = {isa = PBXFileReference; fileEncoding = 4; lastKnownFileType = sourcecode.swift; path = HotspotStatusBarUITests.swift; sourceTree = "<group>"; };
		52A45A9F1BCC5DEA00A418F0 /* WIFIClientTests.swift */ = {isa = PBXFileReference; fileEncoding = 4; lastKnownFileType = sourcecode.swift; path = WIFIClientTests.swift; sourceTree = "<group>"; };
/* End PBXFileReference section */

/* Begin PBXFrameworksBuildPhase section */
		52209DA11BC5BFE200339037 /* Frameworks */ = {
			isa = PBXFrameworksBuildPhase;
			buildActionMask = 2147483647;
			files = (
				5247C7901BCFF8D9003C3363 /* Alamofire.framework in Frameworks */,
				5247C7931BCFF8FB003C3363 /* SwiftyJSON.framework in Frameworks */,
			);
			runOnlyForDeploymentPostprocessing = 0;
		};
		52209DB01BC5BFE200339037 /* Frameworks */ = {
			isa = PBXFrameworksBuildPhase;
			buildActionMask = 2147483647;
			files = (
				5247C7941BD0024C003C3363 /* SwiftyJSON.framework in Frameworks */,
				5247C7951BD0024C003C3363 /* Alamofire.framework in Frameworks */,
			);
			runOnlyForDeploymentPostprocessing = 0;
		};
		52209DBB1BC5BFE200339037 /* Frameworks */ = {
			isa = PBXFrameworksBuildPhase;
			buildActionMask = 2147483647;
			files = (
			);
			runOnlyForDeploymentPostprocessing = 0;
		};
/* End PBXFrameworksBuildPhase section */

/* Begin PBXGroup section */
		5208E78F1BCDB6C200D8C4BD /* Preferences */ = {
			isa = PBXGroup;
			children = (
				5208E7901BCDB6DF00D8C4BD /* PreferencesManagerTests.swift */,
			);
			path = Preferences;
			sourceTree = "<group>";
		};
		52209D9B1BC5BFE200339037 = {
			isa = PBXGroup;
			children = (
				52A4572E1BCC5ACA00A418F0 /* HotspotStatusBar */,
				52A4574E1BCC5AEA00A418F0 /* HotspotStatusBarTests */,
				52A45A961BCC5B1200A418F0 /* HotspotStatusBarUITests */,
				5247C7911BCFF8DE003C3363 /* Frameworks */,
				52209DA51BC5BFE200339037 /* Products */,
			);
			sourceTree = "<group>";
		};
		52209DA51BC5BFE200339037 /* Products */ = {
			isa = PBXGroup;
			children = (
				52209DA41BC5BFE200339037 /* HotspotStatusBar.app */,
				52209DB31BC5BFE200339037 /* HotspotStatusBarTests.xctest */,
				52209DBE1BC5BFE200339037 /* HotspotStatusBarUITests.xctest */,
			);
			name = Products;
			sourceTree = "<group>";
		};
		5247C7911BCFF8DE003C3363 /* Frameworks */ = {
			isa = PBXGroup;
			children = (
				5247C7921BCFF8FB003C3363 /* SwiftyJSON.framework */,
				5247C78F1BCFF8D9003C3363 /* Alamofire.framework */,
			);
			name = Frameworks;
			sourceTree = "<group>";
		};
		525127BB1BCF1BDF009650D2 /* Pollers */ = {
			isa = PBXGroup;
			children = (
				525127BC1BCF1BF2009650D2 /* HotspotPollerTests.swift */,
				525127BF1BCF2151009650D2 /* Verizon */,
			);
			path = Pollers;
			sourceTree = "<group>";
		};
		525127BF1BCF2151009650D2 /* Verizon */ = {
			isa = PBXGroup;
			children = (
				525127C01BCF216F009650D2 /* VerizonHotspotPollerTests.swift */,
			);
			path = Verizon;
			sourceTree = "<group>";
		};
		525127C21BCFE81B009650D2 /* Test Helpers */ = {
			isa = PBXGroup;
			children = (
				525127C31BCFE83C009650D2 /* StubAlamofireManager.swift */,
			);
			path = "Test Helpers";
			sourceTree = "<group>";
		};
		52A4572E1BCC5ACA00A418F0 /* HotspotStatusBar */ = {
			isa = PBXGroup;
			children = (
				52A4572F1BCC5ACA00A418F0 /* AppDelegate.swift */,
				52A457301BCC5ACA00A418F0 /* MainMenu.xib */,
				52A457341BCC5ACA00A418F0 /* Network */,
				52A457371BCC5ACA00A418F0 /* Pollers */,
				52A457411BCC5ACA00A418F0 /* Views */,
				52A4573B1BCC5ACA00A418F0 /* Preferences */,
				52A4573D1BCC5ACA00A418F0 /* Resources */,
			);
			path = HotspotStatusBar;
			sourceTree = "<group>";
		};
		52A457341BCC5ACA00A418F0 /* Network */ = {
			isa = PBXGroup;
			children = (
				52A457351BCC5ACA00A418F0 /* Reachability.swift */,
				52A457361BCC5ACA00A418F0 /* WIFIClient.swift */,
			);
			path = Network;
			sourceTree = "<group>";
		};
		52A457371BCC5ACA00A418F0 /* Pollers */ = {
			isa = PBXGroup;
			children = (
				52A457381BCC5ACA00A418F0 /* HotspotPoller.swift */,
				52A457391BCC5ACA00A418F0 /* Verizon */,
			);
			path = Pollers;
			sourceTree = "<group>";
		};
		52A457391BCC5ACA00A418F0 /* Verizon */ = {
			isa = PBXGroup;
			children = (
				52A4573A1BCC5ACA00A418F0 /* VerizonHotspotPoller.swift */,
			);
			path = Verizon;
			sourceTree = "<group>";
		};
		52A4573B1BCC5ACA00A418F0 /* Preferences */ = {
			isa = PBXGroup;
			children = (
				52A4573C1BCC5ACA00A418F0 /* PreferencesManager.swift */,
			);
			path = Preferences;
			sourceTree = "<group>";
		};
		52A4573D1BCC5ACA00A418F0 /* Resources */ = {
			isa = PBXGroup;
			children = (
				52A457401BCC5ACA00A418F0 /* Info.plist */,
				52A4573E1BCC5ACA00A418F0 /* Assets.xcassets */,
				52A4573F1BCC5ACA00A418F0 /* indicators.json */,
			);
			path = Resources;
			sourceTree = "<group>";
		};
		52A457411BCC5ACA00A418F0 /* Views */ = {
			isa = PBXGroup;
			children = (
				52A457421BCC5ACA00A418F0 /* MenuBarView.swift */,
			);
			path = Views;
			sourceTree = "<group>";
		};
		52A4574E1BCC5AEA00A418F0 /* HotspotStatusBarTests */ = {
			isa = PBXGroup;
			children = (
				52A45A9D1BCC5DBE00A418F0 /* Network */,
				525127BB1BCF1BDF009650D2 /* Pollers */,
				5208E78F1BCDB6C200D8C4BD /* Preferences */,
				525127C21BCFE81B009650D2 /* Test Helpers */,
				52A4574F1BCC5AEA00A418F0 /* Info.plist */,
			);
			path = HotspotStatusBarTests;
			sourceTree = "<group>";
		};
		52A45A961BCC5B1200A418F0 /* HotspotStatusBarUITests */ = {
			isa = PBXGroup;
			children = (
				52A45A971BCC5B1200A418F0 /* Info.plist */,
				52A45A981BCC5B1200A418F0 /* HotspotStatusBarUITests.swift */,
			);
			path = HotspotStatusBarUITests;
			sourceTree = "<group>";
		};
		52A45A9D1BCC5DBE00A418F0 /* Network */ = {
			isa = PBXGroup;
			children = (
				52A45A9F1BCC5DEA00A418F0 /* WIFIClientTests.swift */,
			);
			path = Network;
			sourceTree = "<group>";
		};
/* End PBXGroup section */

/* Begin PBXNativeTarget section */
		52209DA31BC5BFE200339037 /* HotspotStatusBar */ = {
			isa = PBXNativeTarget;
			buildConfigurationList = 52209DC71BC5BFE200339037 /* Build configuration list for PBXNativeTarget "HotspotStatusBar" */;
			buildPhases = (
				52209DA01BC5BFE200339037 /* Sources */,
				52209DA11BC5BFE200339037 /* Frameworks */,
				52209DA21BC5BFE200339037 /* Resources */,
				52209DE21BC5E64C00339037 /* Copy Carthage Frameworks */,
			);
			buildRules = (
			);
			dependencies = (
			);
			name = HotspotStatusBar;
			productName = TetherStatusBar;
			productReference = 52209DA41BC5BFE200339037 /* HotspotStatusBar.app */;
			productType = "com.apple.product-type.application";
		};
		52209DB21BC5BFE200339037 /* HotspotStatusBarTests */ = {
			isa = PBXNativeTarget;
			buildConfigurationList = 52209DCA1BC5BFE200339037 /* Build configuration list for PBXNativeTarget "HotspotStatusBarTests" */;
			buildPhases = (
				52209DAF1BC5BFE200339037 /* Sources */,
				52209DB01BC5BFE200339037 /* Frameworks */,
				52209DB11BC5BFE200339037 /* Resources */,
				5247C7961BD00257003C3363 /* Copy Carthage Frameworks */,
				5247C7971BD02108003C3363 /* CopyFiles */,
			);
			buildRules = (
			);
			dependencies = (
				52209DB51BC5BFE200339037 /* PBXTargetDependency */,
			);
			name = HotspotStatusBarTests;
			productName = TetherStatusBarTests;
			productReference = 52209DB31BC5BFE200339037 /* HotspotStatusBarTests.xctest */;
			productType = "com.apple.product-type.bundle.unit-test";
		};
		52209DBD1BC5BFE200339037 /* HotspotStatusBarUITests */ = {
			isa = PBXNativeTarget;
			buildConfigurationList = 52209DCD1BC5BFE200339037 /* Build configuration list for PBXNativeTarget "HotspotStatusBarUITests" */;
			buildPhases = (
				52209DBA1BC5BFE200339037 /* Sources */,
				52209DBB1BC5BFE200339037 /* Frameworks */,
				52209DBC1BC5BFE200339037 /* Resources */,
			);
			buildRules = (
			);
			dependencies = (
				52209DC01BC5BFE200339037 /* PBXTargetDependency */,
			);
			name = HotspotStatusBarUITests;
			productName = TetherStatusBarUITests;
			productReference = 52209DBE1BC5BFE200339037 /* HotspotStatusBarUITests.xctest */;
			productType = "com.apple.product-type.bundle.ui-testing";
		};
/* End PBXNativeTarget section */

/* Begin PBXProject section */
		52209D9C1BC5BFE200339037 /* Project object */ = {
			isa = PBXProject;
			attributes = {
				LastSwiftUpdateCheck = 0700;
				LastUpgradeCheck = 0700;
				ORGANIZATIONNAME = Petoria;
				TargetAttributes = {
					52209DA31BC5BFE200339037 = {
						CreatedOnToolsVersion = 7.0.1;
					};
					52209DB21BC5BFE200339037 = {
						CreatedOnToolsVersion = 7.0.1;
						TestTargetID = 52209DA31BC5BFE200339037;
					};
					52209DBD1BC5BFE200339037 = {
						CreatedOnToolsVersion = 7.0.1;
						TestTargetID = 52209DA31BC5BFE200339037;
					};
				};
			};
			buildConfigurationList = 52209D9F1BC5BFE200339037 /* Build configuration list for PBXProject "HotspotStatusBar" */;
			compatibilityVersion = "Xcode 3.2";
			developmentRegion = English;
			hasScannedForEncodings = 0;
			knownRegions = (
				en,
				Base,
			);
			mainGroup = 52209D9B1BC5BFE200339037;
			productRefGroup = 52209DA51BC5BFE200339037 /* Products */;
			projectDirPath = "";
			projectRoot = "";
			targets = (
				52209DA31BC5BFE200339037 /* HotspotStatusBar */,
				52209DB21BC5BFE200339037 /* HotspotStatusBarTests */,
				52209DBD1BC5BFE200339037 /* HotspotStatusBarUITests */,
			);
		};
/* End PBXProject section */

/* Begin PBXResourcesBuildPhase section */
		52209DA21BC5BFE200339037 /* Resources */ = {
			isa = PBXResourcesBuildPhase;
			buildActionMask = 2147483647;
			files = (
				52A4574B1BCC5ACA00A418F0 /* indicators.json in Resources */,
				52A4574A1BCC5ACA00A418F0 /* Assets.xcassets in Resources */,
				52A457441BCC5ACA00A418F0 /* MainMenu.xib in Resources */,
			);
			runOnlyForDeploymentPostprocessing = 0;
		};
		52209DB11BC5BFE200339037 /* Resources */ = {
			isa = PBXResourcesBuildPhase;
			buildActionMask = 2147483647;
			files = (
			);
			runOnlyForDeploymentPostprocessing = 0;
		};
		52209DBC1BC5BFE200339037 /* Resources */ = {
			isa = PBXResourcesBuildPhase;
			buildActionMask = 2147483647;
			files = (
			);
			runOnlyForDeploymentPostprocessing = 0;
		};
/* End PBXResourcesBuildPhase section */

/* Begin PBXShellScriptBuildPhase section */
		52209DE21BC5E64C00339037 /* Copy Carthage Frameworks */ = {
			isa = PBXShellScriptBuildPhase;
			buildActionMask = 2147483647;
			files = (
			);
			inputPaths = (
				"$(SRCROOT)/Carthage/Build/Mac/Alamofire.framework",
				"$(SRCROOT)/Carthage/Build/Mac/SwiftyJSON.framework",
			);
			name = "Copy Carthage Frameworks";
			outputPaths = (
			);
			runOnlyForDeploymentPostprocessing = 0;
			shellPath = /bin/sh;
			shellScript = "/usr/local/bin/carthage copy-frameworks\n";
			showEnvVarsInLog = 0;
		};
		5247C7961BD00257003C3363 /* Copy Carthage Frameworks */ = {
			isa = PBXShellScriptBuildPhase;
			buildActionMask = 2147483647;
			files = (
			);
			inputPaths = (
				"$(SRCROOT)/Carthage/Build/Mac/Alamofire.framework",
				"$(SRCROOT)/Carthage/Build/Mac/SwiftyJSON.framework",
			);
			name = "Copy Carthage Frameworks";
			outputPaths = (
			);
			runOnlyForDeploymentPostprocessing = 0;
			shellPath = /bin/sh;
			shellScript = "/usr/local/bin/carthage copy-frameworks\n";
		};
/* End PBXShellScriptBuildPhase section */

/* Begin PBXSourcesBuildPhase section */
		52209DA01BC5BFE200339037 /* Sources */ = {
			isa = PBXSourcesBuildPhase;
			buildActionMask = 2147483647;
			files = (
				52A457431BCC5ACA00A418F0 /* AppDelegate.swift in Sources */,
				52A457481BCC5ACA00A418F0 /* VerizonHotspotPoller.swift in Sources */,
				52A457461BCC5ACA00A418F0 /* WIFIClient.swift in Sources */,
				52A457471BCC5ACA00A418F0 /* HotspotPoller.swift in Sources */,
				52A457451BCC5ACA00A418F0 /* Reachability.swift in Sources */,
				52A4574D1BCC5ACA00A418F0 /* MenuBarView.swift in Sources */,
				52A457491BCC5ACA00A418F0 /* PreferencesManager.swift in Sources */,
			);
			runOnlyForDeploymentPostprocessing = 0;
		};
		52209DAF1BC5BFE200339037 /* Sources */ = {
			isa = PBXSourcesBuildPhase;
			buildActionMask = 2147483647;
			files = (
				5208E7911BCDB6DF00D8C4BD /* PreferencesManagerTests.swift in Sources */,
				525127C11BCF216F009650D2 /* VerizonHotspotPollerTests.swift in Sources */,
				525127BD1BCF1BF2009650D2 /* HotspotPollerTests.swift in Sources */,
				52A45AA01BCC5DEA00A418F0 /* WIFIClientTests.swift in Sources */,
				525127C41BCFE83C009650D2 /* StubAlamofireManager.swift in Sources */,
			);
			runOnlyForDeploymentPostprocessing = 0;
		};
		52209DBA1BC5BFE200339037 /* Sources */ = {
			isa = PBXSourcesBuildPhase;
			buildActionMask = 2147483647;
			files = (
				52A45A9C1BCC5BCD00A418F0 /* HotspotStatusBarUITests.swift in Sources */,
			);
			runOnlyForDeploymentPostprocessing = 0;
		};
/* End PBXSourcesBuildPhase section */

/* Begin PBXTargetDependency section */
		52209DB51BC5BFE200339037 /* PBXTargetDependency */ = {
			isa = PBXTargetDependency;
			target = 52209DA31BC5BFE200339037 /* HotspotStatusBar */;
			targetProxy = 52209DB41BC5BFE200339037 /* PBXContainerItemProxy */;
		};
		52209DC01BC5BFE200339037 /* PBXTargetDependency */ = {
			isa = PBXTargetDependency;
			target = 52209DA31BC5BFE200339037 /* HotspotStatusBar */;
			targetProxy = 52209DBF1BC5BFE200339037 /* PBXContainerItemProxy */;
		};
/* End PBXTargetDependency section */

/* Begin PBXVariantGroup section */
		52A457301BCC5ACA00A418F0 /* MainMenu.xib */ = {
			isa = PBXVariantGroup;
			children = (
				52A457311BCC5ACA00A418F0 /* Base */,
			);
			name = MainMenu.xib;
			sourceTree = "<group>";
		};
/* End PBXVariantGroup section */

/* Begin XCBuildConfiguration section */
		52209DC51BC5BFE200339037 /* Debug */ = {
			isa = XCBuildConfiguration;
			buildSettings = {
				ALWAYS_SEARCH_USER_PATHS = NO;
				CLANG_CXX_LANGUAGE_STANDARD = "gnu++0x";
				CLANG_CXX_LIBRARY = "libc++";
				CLANG_ENABLE_MODULES = YES;
				CLANG_ENABLE_OBJC_ARC = YES;
				CLANG_WARN_BOOL_CONVERSION = YES;
				CLANG_WARN_CONSTANT_CONVERSION = YES;
				CLANG_WARN_DIRECT_OBJC_ISA_USAGE = YES_ERROR;
				CLANG_WARN_EMPTY_BODY = YES;
				CLANG_WARN_ENUM_CONVERSION = YES;
				CLANG_WARN_INT_CONVERSION = YES;
				CLANG_WARN_OBJC_ROOT_CLASS = YES_ERROR;
				CLANG_WARN_UNREACHABLE_CODE = YES;
				CLANG_WARN__DUPLICATE_METHOD_MATCH = YES;
				CODE_SIGN_IDENTITY = "-";
				COPY_PHASE_STRIP = NO;
				DEBUG_INFORMATION_FORMAT = dwarf;
				ENABLE_STRICT_OBJC_MSGSEND = YES;
				ENABLE_TESTABILITY = YES;
				GCC_C_LANGUAGE_STANDARD = gnu99;
				GCC_DYNAMIC_NO_PIC = NO;
				GCC_NO_COMMON_BLOCKS = YES;
				GCC_OPTIMIZATION_LEVEL = 0;
				GCC_PREPROCESSOR_DEFINITIONS = (
					"DEBUG=1",
					"$(inherited)",
				);
				GCC_WARN_64_TO_32_BIT_CONVERSION = YES;
				GCC_WARN_ABOUT_RETURN_TYPE = YES_ERROR;
				GCC_WARN_UNDECLARED_SELECTOR = YES;
				GCC_WARN_UNINITIALIZED_AUTOS = YES_AGGRESSIVE;
				GCC_WARN_UNUSED_FUNCTION = YES;
				GCC_WARN_UNUSED_VARIABLE = YES;
				MACOSX_DEPLOYMENT_TARGET = 10.10;
				MTL_ENABLE_DEBUG_INFO = YES;
				ONLY_ACTIVE_ARCH = YES;
				SDKROOT = macosx;
				SWIFT_OPTIMIZATION_LEVEL = "-Onone";
			};
			name = Debug;
		};
		52209DC61BC5BFE200339037 /* Release */ = {
			isa = XCBuildConfiguration;
			buildSettings = {
				ALWAYS_SEARCH_USER_PATHS = NO;
				CLANG_CXX_LANGUAGE_STANDARD = "gnu++0x";
				CLANG_CXX_LIBRARY = "libc++";
				CLANG_ENABLE_MODULES = YES;
				CLANG_ENABLE_OBJC_ARC = YES;
				CLANG_WARN_BOOL_CONVERSION = YES;
				CLANG_WARN_CONSTANT_CONVERSION = YES;
				CLANG_WARN_DIRECT_OBJC_ISA_USAGE = YES_ERROR;
				CLANG_WARN_EMPTY_BODY = YES;
				CLANG_WARN_ENUM_CONVERSION = YES;
				CLANG_WARN_INT_CONVERSION = YES;
				CLANG_WARN_OBJC_ROOT_CLASS = YES_ERROR;
				CLANG_WARN_UNREACHABLE_CODE = YES;
				CLANG_WARN__DUPLICATE_METHOD_MATCH = YES;
				CODE_SIGN_IDENTITY = "-";
				COPY_PHASE_STRIP = NO;
				DEBUG_INFORMATION_FORMAT = "dwarf-with-dsym";
				ENABLE_NS_ASSERTIONS = NO;
				ENABLE_STRICT_OBJC_MSGSEND = YES;
				GCC_C_LANGUAGE_STANDARD = gnu99;
				GCC_NO_COMMON_BLOCKS = YES;
				GCC_WARN_64_TO_32_BIT_CONVERSION = YES;
				GCC_WARN_ABOUT_RETURN_TYPE = YES_ERROR;
				GCC_WARN_UNDECLARED_SELECTOR = YES;
				GCC_WARN_UNINITIALIZED_AUTOS = YES_AGGRESSIVE;
				GCC_WARN_UNUSED_FUNCTION = YES;
				GCC_WARN_UNUSED_VARIABLE = YES;
				MACOSX_DEPLOYMENT_TARGET = 10.10;
				MTL_ENABLE_DEBUG_INFO = NO;
				SDKROOT = macosx;
			};
			name = Release;
		};
		52209DC81BC5BFE200339037 /* Debug */ = {
			isa = XCBuildConfiguration;
			buildSettings = {
				ASSETCATALOG_COMPILER_APPICON_NAME = AppIcon;
				COMBINE_HIDPI_IMAGES = YES;
				FRAMEWORK_SEARCH_PATHS = (
					"$(inherited)",
					"$(PROJECT_DIR)/Carthage/Build/Mac",
					"$(PROJECT_DIR)/Carthage/Build/iOS",
					"$(PROJECT_DIR)/Carthage/Build/watchOS",
					"$(PROJECT_DIR)/Carthage/Checkouts/Alamofire/Carthage/Build/iOS",
					"$(PROJECT_DIR)/Carthage/Checkouts/Alamofire/Carthage/Build/Mac",
					"$(PROJECT_DIR)/Carthage/Checkouts/Alamofire/Carthage/Build/watchOS",
					"$(PROJECT_DIR)/Carthage/Checkouts/OHHTTPStubs/Carthage/Build/iOS",
					"$(PROJECT_DIR)/Carthage/Checkouts/OHHTTPStubs/Carthage/Build/Mac",
					"$(PROJECT_DIR)/Carthage/Checkouts/OHHTTPStubs/Carthage/Build/watchOS",
					"$(PROJECT_DIR)/Carthage/Checkouts/SwiftyJSON/Carthage/Build/iOS",
					"$(PROJECT_DIR)/Carthage/Checkouts/SwiftyJSON/Carthage/Build/Mac",
					"$(PROJECT_DIR)/Carthage/Checkouts/SwiftyJSON/Carthage/Build/watchOS",
				);
				INFOPLIST_FILE = "$(SRCROOT)/HotspotStatusBar/Resources/Info.plist";
				LD_RUNPATH_SEARCH_PATHS = "$(inherited) @executable_path/../Frameworks";
				PRODUCT_BUNDLE_IDENTIFIER = net.petoria.HotspotStatusBar;
				PRODUCT_NAME = HotspotStatusBar;
			};
			name = Debug;
		};
		52209DC91BC5BFE200339037 /* Release */ = {
			isa = XCBuildConfiguration;
			buildSettings = {
				ASSETCATALOG_COMPILER_APPICON_NAME = AppIcon;
				COMBINE_HIDPI_IMAGES = YES;
				FRAMEWORK_SEARCH_PATHS = (
					"$(inherited)",
					"$(PROJECT_DIR)/Carthage/Build/Mac",
					"$(PROJECT_DIR)/Carthage/Build/iOS",
					"$(PROJECT_DIR)/Carthage/Build/watchOS",
					"$(PROJECT_DIR)/Carthage/Checkouts/Alamofire/Carthage/Build/iOS",
					"$(PROJECT_DIR)/Carthage/Checkouts/Alamofire/Carthage/Build/Mac",
					"$(PROJECT_DIR)/Carthage/Checkouts/Alamofire/Carthage/Build/watchOS",
					"$(PROJECT_DIR)/Carthage/Checkouts/OHHTTPStubs/Carthage/Build/iOS",
					"$(PROJECT_DIR)/Carthage/Checkouts/OHHTTPStubs/Carthage/Build/Mac",
					"$(PROJECT_DIR)/Carthage/Checkouts/OHHTTPStubs/Carthage/Build/watchOS",
					"$(PROJECT_DIR)/Carthage/Checkouts/SwiftyJSON/Carthage/Build/iOS",
					"$(PROJECT_DIR)/Carthage/Checkouts/SwiftyJSON/Carthage/Build/Mac",
					"$(PROJECT_DIR)/Carthage/Checkouts/SwiftyJSON/Carthage/Build/watchOS",
				);
				INFOPLIST_FILE = "$(SRCROOT)/HotspotStatusBar/Resources/Info.plist";
				LD_RUNPATH_SEARCH_PATHS = "$(inherited) @executable_path/../Frameworks";
				PRODUCT_BUNDLE_IDENTIFIER = net.petoria.HotspotStatusBar;
				PRODUCT_NAME = HotspotStatusBar;
			};
			name = Release;
		};
		52209DCB1BC5BFE200339037 /* Debug */ = {
			isa = XCBuildConfiguration;
			buildSettings = {
				BUNDLE_LOADER = "$(TEST_HOST)";
				CLANG_ENABLE_MODULES = YES;
				COMBINE_HIDPI_IMAGES = YES;
				FRAMEWORK_SEARCH_PATHS = (
					"$(inherited)",
					"$(PROJECT_DIR)/Carthage/Build/Mac",
				);
				INFOPLIST_FILE = HotspotStatusBarTests/Info.plist;
				LD_RUNPATH_SEARCH_PATHS = "$(inherited) @executable_path/../Frameworks @loader_path/../Frameworks";
				PRODUCT_BUNDLE_IDENTIFIER = net.petoria.HotspotStatusBarTests;
				PRODUCT_NAME = HotspotStatusBarTests;
				SWIFT_OPTIMIZATION_LEVEL = "-Onone";
				TEST_HOST = "$(BUILT_PRODUCTS_DIR)/HotspotStatusBar.app/Contents/MacOS/HotspotStatusBar";
			};
			name = Debug;
		};
		52209DCC1BC5BFE200339037 /* Release */ = {
			isa = XCBuildConfiguration;
			buildSettings = {
				BUNDLE_LOADER = "$(TEST_HOST)";
				CLANG_ENABLE_MODULES = YES;
				COMBINE_HIDPI_IMAGES = YES;
				FRAMEWORK_SEARCH_PATHS = (
					"$(inherited)",
					"$(PROJECT_DIR)/Carthage/Build/Mac",
				);
				INFOPLIST_FILE = HotspotStatusBarTests/Info.plist;
				LD_RUNPATH_SEARCH_PATHS = "$(inherited) @executable_path/../Frameworks @loader_path/../Frameworks";
				PRODUCT_BUNDLE_IDENTIFIER = net.petoria.HotspotStatusBarTests;
				PRODUCT_NAME = HotspotStatusBarTests;
				TEST_HOST = "$(BUILT_PRODUCTS_DIR)/HotspotStatusBar.app/Contents/MacOS/HotspotStatusBar";
			};
			name = Release;
		};
		52209DCE1BC5BFE200339037 /* Debug */ = {
			isa = XCBuildConfiguration;
			buildSettings = {
				COMBINE_HIDPI_IMAGES = YES;
				INFOPLIST_FILE = HotspotStatusBarUITests/Info.plist;
				LD_RUNPATH_SEARCH_PATHS = "$(inherited) @executable_path/../Frameworks @loader_path/../Frameworks";
				PRODUCT_BUNDLE_IDENTIFIER = net.petoria.HotspotStatusBarUITests;
				PRODUCT_NAME = HotspotStatusBarUITests;
				TEST_TARGET_NAME = TetherStatusBar;
				USES_XCTRUNNER = YES;
			};
			name = Debug;
		};
		52209DCF1BC5BFE200339037 /* Release */ = {
			isa = XCBuildConfiguration;
			buildSettings = {
				COMBINE_HIDPI_IMAGES = YES;
				INFOPLIST_FILE = HotspotStatusBarUITests/Info.plist;
				LD_RUNPATH_SEARCH_PATHS = "$(inherited) @executable_path/../Frameworks @loader_path/../Frameworks";
				PRODUCT_BUNDLE_IDENTIFIER = net.petoria.HotspotStatusBarUITests;
				PRODUCT_NAME = HotspotStatusBarUITests;
				TEST_TARGET_NAME = TetherStatusBar;
				USES_XCTRUNNER = YES;
			};
			name = Release;
		};
/* End XCBuildConfiguration section */

/* Begin XCConfigurationList section */
		52209D9F1BC5BFE200339037 /* Build configuration list for PBXProject "HotspotStatusBar" */ = {
			isa = XCConfigurationList;
			buildConfigurations = (
				52209DC51BC5BFE200339037 /* Debug */,
				52209DC61BC5BFE200339037 /* Release */,
			);
			defaultConfigurationIsVisible = 0;
			defaultConfigurationName = Release;
		};
		52209DC71BC5BFE200339037 /* Build configuration list for PBXNativeTarget "HotspotStatusBar" */ = {
			isa = XCConfigurationList;
			buildConfigurations = (
				52209DC81BC5BFE200339037 /* Debug */,
				52209DC91BC5BFE200339037 /* Release */,
			);
			defaultConfigurationIsVisible = 0;
			defaultConfigurationName = Release;
		};
		52209DCA1BC5BFE200339037 /* Build configuration list for PBXNativeTarget "HotspotStatusBarTests" */ = {
			isa = XCConfigurationList;
			buildConfigurations = (
				52209DCB1BC5BFE200339037 /* Debug */,
				52209DCC1BC5BFE200339037 /* Release */,
			);
			defaultConfigurationIsVisible = 0;
			defaultConfigurationName = Release;
		};
		52209DCD1BC5BFE200339037 /* Build configuration list for PBXNativeTarget "HotspotStatusBarUITests" */ = {
			isa = XCConfigurationList;
			buildConfigurations = (
				52209DCE1BC5BFE200339037 /* Debug */,
				52209DCF1BC5BFE200339037 /* Release */,
			);
			defaultConfigurationIsVisible = 0;
			defaultConfigurationName = Release;
		};
/* End XCConfigurationList section */
	};
	rootObject = 52209D9C1BC5BFE200339037 /* Project object */;
}
